// !$*UTF8*$!
{
	archiveVersion = 1;
	classes = {
	};
	objectVersion = 46;
	objects = {

/* Begin PBXBuildFile section */
		195185E1196EA50200BC124F /* AppDelegate.swift in Sources */ = {isa = PBXBuildFile; fileRef = 195185E0196EA50200BC124F /* AppDelegate.swift */; };
		195185E3196EA50200BC124F /* GameScene.sks in Resources */ = {isa = PBXBuildFile; fileRef = 195185E2196EA50200BC124F /* GameScene.sks */; };
		195185E5196EA50200BC124F /* GameScene.swift in Sources */ = {isa = PBXBuildFile; fileRef = 195185E4196EA50200BC124F /* GameScene.swift */; };
		195185E7196EA50200BC124F /* GameViewController.swift in Sources */ = {isa = PBXBuildFile; fileRef = 195185E6196EA50200BC124F /* GameViewController.swift */; };
		195185EA196EA50200BC124F /* Main.storyboard in Resources */ = {isa = PBXBuildFile; fileRef = 195185E8196EA50200BC124F /* Main.storyboard */; };
		195185EC196EA50200BC124F /* Images.xcassets in Resources */ = {isa = PBXBuildFile; fileRef = 195185EB196EA50200BC124F /* Images.xcassets */; };
		195185F8196EA50300BC124F /* UberJumpTests.swift in Sources */ = {isa = PBXBuildFile; fileRef = 195185F7196EA50300BC124F /* UberJumpTests.swift */; };
/* End PBXBuildFile section */

/* Begin PBXContainerItemProxy section */
		195185F2196EA50300BC124F /* PBXContainerItemProxy */ = {
			isa = PBXContainerItemProxy;
			containerPortal = 195185D3196EA50200BC124F /* Project object */;
			proxyType = 1;
			remoteGlobalIDString = 195185DA196EA50200BC124F;
			remoteInfo = UberJump;
		};
/* End PBXContainerItemProxy section */

/* Begin PBXFileReference section */
		195185DB196EA50200BC124F /* UberJump.app */ = {isa = PBXFileReference; explicitFileType = wrapper.application; includeInIndex = 0; path = UberJump.app; sourceTree = BUILT_PRODUCTS_DIR; };
		195185DF196EA50200BC124F /* Info.plist */ = {isa = PBXFileReference; lastKnownFileType = text.plist.xml; path = Info.plist; sourceTree = "<group>"; };
		195185E0196EA50200BC124F /* AppDelegate.swift */ = {isa = PBXFileReference; lastKnownFileType = sourcecode.swift; path = AppDelegate.swift; sourceTree = "<group>"; };
		195185E2196EA50200BC124F /* GameScene.sks */ = {isa = PBXFileReference; lastKnownFileType = file.sks; path = GameScene.sks; sourceTree = "<group>"; };
		195185E4196EA50200BC124F /* GameScene.swift */ = {isa = PBXFileReference; lastKnownFileType = sourcecode.swift; path = GameScene.swift; sourceTree = "<group>"; };
		195185E6196EA50200BC124F /* GameViewController.swift */ = {isa = PBXFileReference; lastKnownFileType = sourcecode.swift; path = GameViewController.swift; sourceTree = "<group>"; };
		195185E9196EA50200BC124F /* Base */ = {isa = PBXFileReference; lastKnownFileType = file.storyboard; name = Base; path = Base.lproj/Main.storyboard; sourceTree = "<group>"; };
		195185EB196EA50200BC124F /* Images.xcassets */ = {isa = PBXFileReference; lastKnownFileType = folder.assetcatalog; path = Images.xcassets; sourceTree = "<group>"; };
		195185F1196EA50300BC124F /* UberJumpTests.xctest */ = {isa = PBXFileReference; explicitFileType = wrapper.cfbundle; includeInIndex = 0; path = UberJumpTests.xctest; sourceTree = BUILT_PRODUCTS_DIR; };
		195185F6196EA50300BC124F /* Info.plist */ = {isa = PBXFileReference; lastKnownFileType = text.plist.xml; path = Info.plist; sourceTree = "<group>"; };
		195185F7196EA50300BC124F /* UberJumpTests.swift */ = {isa = PBXFileReference; lastKnownFileType = sourcecode.swift; path = UberJumpTests.swift; sourceTree = "<group>"; };
/* End PBXFileReference section */

/* Begin PBXFrameworksBuildPhase section */
		195185D8196EA50200BC124F /* Frameworks */ = {
			isa = PBXFrameworksBuildPhase;
			buildActionMask = 2147483647;
			files = (
			);
			runOnlyForDeploymentPostprocessing = 0;
		};
		195185EE196EA50300BC124F /* Frameworks */ = {
			isa = PBXFrameworksBuildPhase;
			buildActionMask = 2147483647;
			files = (
			);
			runOnlyForDeploymentPostprocessing = 0;
		};
/* End PBXFrameworksBuildPhase section */

/* Begin PBXGroup section */
		195185D2196EA50200BC124F = {
			isa = PBXGroup;
			children = (
				195185DD196EA50200BC124F /* UberJump */,
				195185F4196EA50300BC124F /* UberJumpTests */,
				195185DC196EA50200BC124F /* Products */,
			);
			sourceTree = "<group>";
		};
		195185DC196EA50200BC124F /* Products */ = {
			isa = PBXGroup;
			children = (
				195185DB196EA50200BC124F /* UberJump.app */,
				195185F1196EA50300BC124F /* UberJumpTests.xctest */,
			);
			name = Products;
			sourceTree = "<group>";
		};
		195185DD196EA50200BC124F /* UberJump */ = {
			isa = PBXGroup;
			children = (
				195185E0196EA50200BC124F /* AppDelegate.swift */,
				195185E2196EA50200BC124F /* GameScene.sks */,
				195185E4196EA50200BC124F /* GameScene.swift */,
				195185E6196EA50200BC124F /* GameViewController.swift */,
				195185E8196EA50200BC124F /* Main.storyboard */,
				195185EB196EA50200BC124F /* Images.xcassets */,
				195185DE196EA50200BC124F /* Supporting Files */,
			);
			path = UberJump;
			sourceTree = "<group>";
		};
		195185DE196EA50200BC124F /* Supporting Files */ = {
			isa = PBXGroup;
			children = (
				195185DF196EA50200BC124F /* Info.plist */,
			);
			name = "Supporting Files";
			sourceTree = "<group>";
		};
		195185F4196EA50300BC124F /* UberJumpTests */ = {
			isa = PBXGroup;
			children = (
				195185F7196EA50300BC124F /* UberJumpTests.swift */,
				195185F5196EA50300BC124F /* Supporting Files */,
			);
			path = UberJumpTests;
			sourceTree = "<group>";
		};
		195185F5196EA50300BC124F /* Supporting Files */ = {
			isa = PBXGroup;
			children = (
				195185F6196EA50300BC124F /* Info.plist */,
			);
			name = "Supporting Files";
			sourceTree = "<group>";
		};
/* End PBXGroup section */

/* Begin PBXNativeTarget section */
		195185DA196EA50200BC124F /* UberJump */ = {
			isa = PBXNativeTarget;
			buildConfigurationList = 195185FB196EA50300BC124F /* Build configuration list for PBXNativeTarget "UberJump" */;
			buildPhases = (
				195185D7196EA50200BC124F /* Sources */,
				195185D8196EA50200BC124F /* Frameworks */,
				195185D9196EA50200BC124F /* Resources */,
			);
			buildRules = (
			);
			dependencies = (
			);
			name = UberJump;
			productName = UberJump;
			productReference = 195185DB196EA50200BC124F /* UberJump.app */;
			productType = "com.apple.product-type.application";
		};
		195185F0196EA50300BC124F /* UberJumpTests */ = {
			isa = PBXNativeTarget;
			buildConfigurationList = 195185FE196EA50300BC124F /* Build configuration list for PBXNativeTarget "UberJumpTests" */;
			buildPhases = (
				195185ED196EA50300BC124F /* Sources */,
				195185EE196EA50300BC124F /* Frameworks */,
				195185EF196EA50300BC124F /* Resources */,
			);
			buildRules = (
			);
			dependencies = (
				195185F3196EA50300BC124F /* PBXTargetDependency */,
			);
			name = UberJumpTests;
			productName = UberJumpTests;
			productReference = 195185F1196EA50300BC124F /* UberJumpTests.xctest */;
			productType = "com.apple.product-type.bundle.unit-test";
		};
/* End PBXNativeTarget section */

/* Begin PBXProject section */
		195185D3196EA50200BC124F /* Project object */ = {
			isa = PBXProject;
			attributes = {
				LastUpgradeCheck = 0600;
				ORGANIZATIONNAME = "InPlayTime Ltd";
				TargetAttributes = {
					195185DA196EA50200BC124F = {
						CreatedOnToolsVersion = 6.0;
					};
					195185F0196EA50300BC124F = {
						CreatedOnToolsVersion = 6.0;
						TestTargetID = 195185DA196EA50200BC124F;
					};
				};
			};
			buildConfigurationList = 195185D6196EA50200BC124F /* Build configuration list for PBXProject "UberJump" */;
			compatibilityVersion = "Xcode 3.2";
			developmentRegion = English;
			hasScannedForEncodings = 0;
			knownRegions = (
				en,
				Base,
			);
			mainGroup = 195185D2196EA50200BC124F;
			productRefGroup = 195185DC196EA50200BC124F /* Products */;
			projectDirPath = "";
			projectRoot = "";
			targets = (
				195185DA196EA50200BC124F /* UberJump */,
				195185F0196EA50300BC124F /* UberJumpTests */,
			);
		};
/* End PBXProject section */

/* Begin PBXResourcesBuildPhase section */
		195185D9196EA50200BC124F /* Resources */ = {
			isa = PBXResourcesBuildPhase;
			buildActionMask = 2147483647;
			files = (
				195185EC196EA50200BC124F /* Images.xcassets in Resources */,
				195185E3196EA50200BC124F /* GameScene.sks in Resources */,
				195185EA196EA50200BC124F /* Main.storyboard in Resources */,
			);
			runOnlyForDeploymentPostprocessing = 0;
		};
		195185EF196EA50300BC124F /* Resources */ = {
			isa = PBXResourcesBuildPhase;
			buildActionMask = 2147483647;
			files = (
			);
			runOnlyForDeploymentPostprocessing = 0;
		};
/* End PBXResourcesBuildPhase section */

/* Begin PBXSourcesBuildPhase section */
		195185D7196EA50200BC124F /* Sources */ = {
			isa = PBXSourcesBuildPhase;
			buildActionMask = 2147483647;
			files = (
				195185E5196EA50200BC124F /* GameScene.swift in Sources */,
				195185E7196EA50200BC124F /* GameViewController.swift in Sources */,
				195185E1196EA50200BC124F /* AppDelegate.swift in Sources */,
			);
			runOnlyForDeploymentPostprocessing = 0;
		};
		195185ED196EA50300BC124F /* Sources */ = {
			isa = PBXSourcesBuildPhase;
			buildActionMask = 2147483647;
			files = (
				195185F8196EA50300BC124F /* UberJumpTests.swift in Sources */,
			);
			runOnlyForDeploymentPostprocessing = 0;
		};
/* End PBXSourcesBuildPhase section */

/* Begin PBXTargetDependency section */
		195185F3196EA50300BC124F /* PBXTargetDependency */ = {
			isa = PBXTargetDependency;
			target = 195185DA196EA50200BC124F /* UberJump */;
			targetProxy = 195185F2196EA50300BC124F /* PBXContainerItemProxy */;
		};
/* End PBXTargetDependency section */

/* Begin PBXVariantGroup section */
		195185E8196EA50200BC124F /* Main.storyboard */ = {
			isa = PBXVariantGroup;
			children = (
				195185E9196EA50200BC124F /* Base */,
			);
			name = Main.storyboard;
			sourceTree = "<group>";
		};
/* End PBXVariantGroup section */

/* Begin XCBuildConfiguration section */
		195185F9196EA50300BC124F /* Debug */ = {
			isa = XCBuildConfiguration;
			buildSettings = {
				ALWAYS_SEARCH_USER_PATHS = NO;
				CLANG_CXX_LANGUAGE_STANDARD = "gnu++0x";
				CLANG_CXX_LIBRARY = "libc++";
				CLANG_ENABLE_MODULES = YES;
				CLANG_ENABLE_OBJC_ARC = YES;
				CLANG_WARN_BOOL_CONVERSION = YES;
				CLANG_WARN_CONSTANT_CONVERSION = YES;
				CLANG_WARN_DIRECT_OBJC_ISA_USAGE = YES_ERROR;
				CLANG_WARN_EMPTY_BODY = YES;
				CLANG_WARN_ENUM_CONVERSION = YES;
				CLANG_WARN_INT_CONVERSION = YES;
				CLANG_WARN_OBJC_ROOT_CLASS = YES_ERROR;
				CLANG_WARN_UNREACHABLE_CODE = YES;
				CLANG_WARN__DUPLICATE_METHOD_MATCH = YES;
				"CODE_SIGN_IDENTITY[sdk=iphoneos*]" = "iPhone Developer";
				COPY_PHASE_STRIP = NO;
				ENABLE_STRICT_OBJC_MSGSEND = YES;
				GCC_C_LANGUAGE_STANDARD = gnu99;
				GCC_DYNAMIC_NO_PIC = NO;
				GCC_OPTIMIZATION_LEVEL = 0;
				GCC_PREPROCESSOR_DEFINITIONS = (
					"DEBUG=1",
					"$(inherited)",
				);
				GCC_SYMBOLS_PRIVATE_EXTERN = NO;
				GCC_WARN_64_TO_32_BIT_CONVERSION = YES;
				GCC_WARN_ABOUT_RETURN_TYPE = YES_ERROR;
				GCC_WARN_UNDECLARED_SELECTOR = YES;
				GCC_WARN_UNINITIALIZED_AUTOS = YES_AGGRESSIVE;
				GCC_WARN_UNUSED_FUNCTION = YES;
				GCC_WARN_UNUSED_VARIABLE = YES;
				IPHONEOS_DEPLOYMENT_TARGET = 8.0;
				METAL_ENABLE_DEBUG_INFO = YES;
				ONLY_ACTIVE_ARCH = YES;
				SDKROOT = iphoneos;
				SWIFT_OPTIMIZATION_LEVEL = "-Onone";
				TARGETED_DEVICE_FAMILY = "1,2";
			};
			name = Debug;
		};
		195185FA196EA50300BC124F /* Release */ = {
			isa = XCBuildConfiguration;
			buildSettings = {
				ALWAYS_SEARCH_USER_PATHS = NO;
				CLANG_CXX_LANGUAGE_STANDARD = "gnu++0x";
				CLANG_CXX_LIBRARY = "libc++";
				CLANG_ENABLE_MODULES = YES;
				CLANG_ENABLE_OBJC_ARC = YES;
				CLANG_WARN_BOOL_CONVERSION = YES;
				CLANG_WARN_CONSTANT_CONVERSION = YES;
				CLANG_WARN_DIRECT_OBJC_ISA_USAGE = YES_ERROR;
				CLANG_WARN_EMPTY_BODY = YES;
				CLANG_WARN_ENUM_CONVERSION = YES;
				CLANG_WARN_INT_CONVERSION = YES;
				CLANG_WARN_OBJC_ROOT_CLASS = YES_ERROR;
				CLANG_WARN_UNREACHABLE_CODE = YES;
				CLANG_WARN__DUPLICATE_METHOD_MATCH = YES;
				"CODE_SIGN_IDENTITY[sdk=iphoneos*]" = "iPhone Developer";
				COPY_PHASE_STRIP = YES;
				ENABLE_NS_ASSERTIONS = NO;
				ENABLE_STRICT_OBJC_MSGSEND = YES;
				GCC_C_LANGUAGE_STANDARD = gnu99;
				GCC_WARN_64_TO_32_BIT_CONVERSION = YES;
				GCC_WARN_ABOUT_RETURN_TYPE = YES_ERROR;
				GCC_WARN_UNDECLARED_SELECTOR = YES;
				GCC_WARN_UNINITIALIZED_AUTOS = YES_AGGRESSIVE;
				GCC_WARN_UNUSED_FUNCTION = YES;
				GCC_WARN_UNUSED_VARIABLE = YES;
				IPHONEOS_DEPLOYMENT_TARGET = 8.0;
				METAL_ENABLE_DEBUG_INFO = NO;
				SDKROOT = iphoneos;
				TARGETED_DEVICE_FAMILY = "1,2";
				VALIDATE_PRODUCT = YES;
			};
			name = Release;
		};
		195185FC196EA50300BC124F /* Debug */ = {
			isa = XCBuildConfiguration;
			buildSettings = {
				ASSETCATALOG_COMPILER_APPICON_NAME = AppIcon;
				ASSETCATALOG_COMPILER_LAUNCHIMAGE_NAME = LaunchImage;
				INFOPLIST_FILE = UberJump/Info.plist;
				LD_RUNPATH_SEARCH_PATHS = "$(inherited) @executable_path/Frameworks";
				PRODUCT_NAME = "$(TARGET_NAME)";
			};
			name = Debug;
		};
		195185FD196EA50300BC124F /* Release */ = {
			isa = XCBuildConfiguration;
			buildSettings = {
				ASSETCATALOG_COMPILER_APPICON_NAME = AppIcon;
				ASSETCATALOG_COMPILER_LAUNCHIMAGE_NAME = LaunchImage;
				INFOPLIST_FILE = UberJump/Info.plist;
				LD_RUNPATH_SEARCH_PATHS = "$(inherited) @executable_path/Frameworks";
				PRODUCT_NAME = "$(TARGET_NAME)";
			};
			name = Release;
		};
		195185FF196EA50300BC124F /* Debug */ = {
			isa = XCBuildConfiguration;
			buildSettings = {
				BUNDLE_LOADER = "$(BUILT_PRODUCTS_DIR)/UberJump.app/UberJump";
				FRAMEWORK_SEARCH_PATHS = (
					"$(SDKROOT)/Developer/Library/Frameworks",
					"$(inherited)",
				);
				GCC_PREPROCESSOR_DEFINITIONS = (
					"DEBUG=1",
					"$(inherited)",
				);
				INFOPLIST_FILE = UberJumpTests/Info.plist;
				LD_RUNPATH_SEARCH_PATHS = "$(inherited) @executable_path/Frameworks @loader_path/Frameworks";
				METAL_ENABLE_DEBUG_INFO = YES;
				PRODUCT_NAME = "$(TARGET_NAME)";
				TEST_HOST = "$(BUNDLE_LOADER)";
			};
			name = Debug;
		};
		19518600196EA50300BC124F /* Release */ = {
			isa = XCBuildConfiguration;
			buildSettings = {
				BUNDLE_LOADER = "$(BUILT_PRODUCTS_DIR)/UberJump.app/UberJump";
				FRAMEWORK_SEARCH_PATHS = (
					"$(SDKROOT)/Developer/Library/Frameworks",
					"$(inherited)",
				);
				INFOPLIST_FILE = UberJumpTests/Info.plist;
				LD_RUNPATH_SEARCH_PATHS = "$(inherited) @executable_path/Frameworks @loader_path/Frameworks";
				METAL_ENABLE_DEBUG_INFO = NO;
				PRODUCT_NAME = "$(TARGET_NAME)";
				TEST_HOST = "$(BUNDLE_LOADER)";
			};
			name = Release;
		};
/* End XCBuildConfiguration section */

/* Begin XCConfigurationList section */
		195185D6196EA50200BC124F /* Build configuration list for PBXProject "UberJump" */ = {
			isa = XCConfigurationList;
			buildConfigurations = (
				195185F9196EA50300BC124F /* Debug */,
				195185FA196EA50300BC124F /* Release */,
			);
			defaultConfigurationIsVisible = 0;
			defaultConfigurationName = Release;
		};
		195185FB196EA50300BC124F /* Build configuration list for PBXNativeTarget "UberJump" */ = {
			isa = XCConfigurationList;
			buildConfigurations = (
				195185FC196EA50300BC124F /* Debug */,
				195185FD196EA50300BC124F /* Release */,
			);
			defaultConfigurationIsVisible = 0;
		};
		195185FE196EA50300BC124F /* Build configuration list for PBXNativeTarget "UberJumpTests" */ = {
			isa = XCConfigurationList;
			buildConfigurations = (
				195185FF196EA50300BC124F /* Debug */,
				19518600196EA50300BC124F /* Release */,
			);
			defaultConfigurationIsVisible = 0;
		};
/* End XCConfigurationList section */
	};
	rootObject = 195185D3196EA50200BC124F /* Project object */;
}
